// !$*UTF8*$!
{
	archiveVersion = 1;
	classes = {
	};
	objectVersion = 48;
	objects = {

/* Begin PBXBuildFile section */
		65CB5A72203280AA00103DF8 /* AppDelegate.swift in Sources */ = {isa = PBXBuildFile; fileRef = 65CB5A71203280AA00103DF8 /* AppDelegate.swift */; };
		65CB5A74203280AA00103DF8 /* ViewController.swift in Sources */ = {isa = PBXBuildFile; fileRef = 65CB5A73203280AA00103DF8 /* ViewController.swift */; };
		65CB5A77203280AA00103DF8 /* Main.storyboard in Resources */ = {isa = PBXBuildFile; fileRef = 65CB5A75203280AA00103DF8 /* Main.storyboard */; };
		65CB5A79203280AA00103DF8 /* Assets.xcassets in Resources */ = {isa = PBXBuildFile; fileRef = 65CB5A78203280AA00103DF8 /* Assets.xcassets */; };
		65CB5A7C203280AA00103DF8 /* LaunchScreen.storyboard in Resources */ = {isa = PBXBuildFile; fileRef = 65CB5A7A203280AA00103DF8 /* LaunchScreen.storyboard */; };
		65CB5A87203280AB00103DF8 /* IndexSetWithTestsTests.swift in Sources */ = {isa = PBXBuildFile; fileRef = 65CB5A86203280AB00103DF8 /* IndexSetWithTestsTests.swift */; };
/* End PBXBuildFile section */

/* Begin PBXContainerItemProxy section */
		65CB5A83203280AB00103DF8 /* PBXContainerItemProxy */ = {
			isa = PBXContainerItemProxy;
			containerPortal = 65CB5A66203280AA00103DF8 /* Project object */;
			proxyType = 1;
			remoteGlobalIDString = 65CB5A6D203280AA00103DF8;
			remoteInfo = IndexSetWithTests;
		};
/* End PBXContainerItemProxy section */

/* Begin PBXFileReference section */
		65CB5A6E203280AA00103DF8 /* IndexSetWithTests.app */ = {isa = PBXFileReference; explicitFileType = wrapper.application; includeInIndex = 0; path = IndexSetWithTests.app; sourceTree = BUILT_PRODUCTS_DIR; };
		65CB5A71203280AA00103DF8 /* AppDelegate.swift */ = {isa = PBXFileReference; lastKnownFileType = sourcecode.swift; path = AppDelegate.swift; sourceTree = "<group>"; };
		65CB5A73203280AA00103DF8 /* ViewController.swift */ = {isa = PBXFileReference; lastKnownFileType = sourcecode.swift; path = ViewController.swift; sourceTree = "<group>"; };
		65CB5A76203280AA00103DF8 /* Base */ = {isa = PBXFileReference; lastKnownFileType = file.storyboard; name = Base; path = Base.lproj/Main.storyboard; sourceTree = "<group>"; };
		65CB5A78203280AA00103DF8 /* Assets.xcassets */ = {isa = PBXFileReference; lastKnownFileType = folder.assetcatalog; path = Assets.xcassets; sourceTree = "<group>"; };
		65CB5A7B203280AA00103DF8 /* Base */ = {isa = PBXFileReference; lastKnownFileType = file.storyboard; name = Base; path = Base.lproj/LaunchScreen.storyboard; sourceTree = "<group>"; };
		65CB5A7D203280AA00103DF8 /* Info.plist */ = {isa = PBXFileReference; lastKnownFileType = text.plist.xml; path = Info.plist; sourceTree = "<group>"; };
		65CB5A82203280AB00103DF8 /* IndexSetWithTestsTests.xctest */ = {isa = PBXFileReference; explicitFileType = wrapper.cfbundle; includeInIndex = 0; path = IndexSetWithTestsTests.xctest; sourceTree = BUILT_PRODUCTS_DIR; };
		65CB5A86203280AB00103DF8 /* IndexSetWithTestsTests.swift */ = {isa = PBXFileReference; lastKnownFileType = sourcecode.swift; path = IndexSetWithTestsTests.swift; sourceTree = "<group>"; };
		65CB5A88203280AB00103DF8 /* Info.plist */ = {isa = PBXFileReference; lastKnownFileType = text.plist.xml; path = Info.plist; sourceTree = "<group>"; };
/* End PBXFileReference section */

/* Begin PBXFrameworksBuildPhase section */
		65CB5A6B203280AA00103DF8 /* Frameworks */ = {
			isa = PBXFrameworksBuildPhase;
			buildActionMask = 2147483647;
			files = (
			);
			runOnlyForDeploymentPostprocessing = 0;
		};
		65CB5A7F203280AB00103DF8 /* Frameworks */ = {
			isa = PBXFrameworksBuildPhase;
			buildActionMask = 2147483647;
			files = (
			);
			runOnlyForDeploymentPostprocessing = 0;
		};
/* End PBXFrameworksBuildPhase section */

/* Begin PBXGroup section */
		65CB5A65203280AA00103DF8 = {
			isa = PBXGroup;
			children = (
				65CB5A70203280AA00103DF8 /* IndexSetWithTests */,
				65CB5A85203280AB00103DF8 /* IndexSetWithTestsTests */,
				65CB5A6F203280AA00103DF8 /* Products */,
			);
			sourceTree = "<group>";
		};
		65CB5A6F203280AA00103DF8 /* Products */ = {
			isa = PBXGroup;
			children = (
				65CB5A6E203280AA00103DF8 /* IndexSetWithTests.app */,
				65CB5A82203280AB00103DF8 /* IndexSetWithTestsTests.xctest */,
			);
			name = Products;
			sourceTree = "<group>";
		};
		65CB5A70203280AA00103DF8 /* IndexSetWithTests */ = {
			isa = PBXGroup;
			children = (
				65CB5A71203280AA00103DF8 /* AppDelegate.swift */,
				65CB5A73203280AA00103DF8 /* ViewController.swift */,
				65CB5A75203280AA00103DF8 /* Main.storyboard */,
				65CB5A78203280AA00103DF8 /* Assets.xcassets */,
				65CB5A7A203280AA00103DF8 /* LaunchScreen.storyboard */,
				65CB5A7D203280AA00103DF8 /* Info.plist */,
			);
			path = IndexSetWithTests;
			sourceTree = "<group>";
		};
		65CB5A85203280AB00103DF8 /* IndexSetWithTestsTests */ = {
			isa = PBXGroup;
			children = (
				65CB5A86203280AB00103DF8 /* IndexSetWithTestsTests.swift */,
				65CB5A88203280AB00103DF8 /* Info.plist */,
			);
			path = IndexSetWithTestsTests;
			sourceTree = "<group>";
		};
/* End PBXGroup section */

/* Begin PBXNativeTarget section */
		65CB5A6D203280AA00103DF8 /* IndexSetWithTests */ = {
			isa = PBXNativeTarget;
			buildConfigurationList = 65CB5A8B203280AB00103DF8 /* Build configuration list for PBXNativeTarget "IndexSetWithTests" */;
			buildPhases = (
				65CB5A6A203280AA00103DF8 /* Sources */,
				65CB5A6B203280AA00103DF8 /* Frameworks */,
				65CB5A6C203280AA00103DF8 /* Resources */,
			);
			buildRules = (
			);
			dependencies = (
			);
			name = IndexSetWithTests;
			productName = IndexSetWithTests;
			productReference = 65CB5A6E203280AA00103DF8 /* IndexSetWithTests.app */;
			productType = "com.apple.product-type.application";
		};
		65CB5A81203280AB00103DF8 /* IndexSetWithTestsTests */ = {
			isa = PBXNativeTarget;
			buildConfigurationList = 65CB5A8E203280AB00103DF8 /* Build configuration list for PBXNativeTarget "IndexSetWithTestsTests" */;
			buildPhases = (
				65CB5A7E203280AB00103DF8 /* Sources */,
				65CB5A7F203280AB00103DF8 /* Frameworks */,
				65CB5A80203280AB00103DF8 /* Resources */,
			);
			buildRules = (
			);
			dependencies = (
				65CB5A84203280AB00103DF8 /* PBXTargetDependency */,
			);
			name = IndexSetWithTestsTests;
			productName = IndexSetWithTestsTests;
			productReference = 65CB5A82203280AB00103DF8 /* IndexSetWithTestsTests.xctest */;
			productType = "com.apple.product-type.bundle.unit-test";
		};
/* End PBXNativeTarget section */

/* Begin PBXProject section */
		65CB5A66203280AA00103DF8 /* Project object */ = {
			isa = PBXProject;
			attributes = {
				LastSwiftUpdateCheck = 0920;
				LastUpgradeCheck = 0920;
				ORGANIZATIONNAME = Derek;
				TargetAttributes = {
					65CB5A6D203280AA00103DF8 = {
						CreatedOnToolsVersion = 9.2;
						ProvisioningStyle = Automatic;
					};
					65CB5A81203280AB00103DF8 = {
						CreatedOnToolsVersion = 9.2;
						ProvisioningStyle = Automatic;
						TestTargetID = 65CB5A6D203280AA00103DF8;
					};
				};
			};
			buildConfigurationList = 65CB5A69203280AA00103DF8 /* Build configuration list for PBXProject "IndexSetWithTests" */;
			compatibilityVersion = "Xcode 8.0";
			developmentRegion = en;
			hasScannedForEncodings = 0;
			knownRegions = (
				en,
				Base,
			);
			mainGroup = 65CB5A65203280AA00103DF8;
			productRefGroup = 65CB5A6F203280AA00103DF8 /* Products */;
			projectDirPath = "";
			projectRoot = "";
			targets = (
				65CB5A6D203280AA00103DF8 /* IndexSetWithTests */,
				65CB5A81203280AB00103DF8 /* IndexSetWithTestsTests */,
			);
		};
/* End PBXProject section */

/* Begin PBXResourcesBuildPhase section */
		65CB5A6C203280AA00103DF8 /* Resources */ = {
			isa = PBXResourcesBuildPhase;
			buildActionMask = 2147483647;
			files = (
				65CB5A7C203280AA00103DF8 /* LaunchScreen.storyboard in Resources */,
				65CB5A79203280AA00103DF8 /* Assets.xcassets in Resources */,
				65CB5A77203280AA00103DF8 /* Main.storyboard in Resources */,
			);
			runOnlyForDeploymentPostprocessing = 0;
		};
		65CB5A80203280AB00103DF8 /* Resources */ = {
			isa = PBXResourcesBuildPhase;
			buildActionMask = 2147483647;
			files = (
			);
			runOnlyForDeploymentPostprocessing = 0;
		};
/* End PBXResourcesBuildPhase section */

/* Begin PBXSourcesBuildPhase section */
		65CB5A6A203280AA00103DF8 /* Sources */ = {
			isa = PBXSourcesBuildPhase;
			buildActionMask = 2147483647;
			files = (
				65CB5A74203280AA00103DF8 /* ViewController.swift in Sources */,
				65CB5A72203280AA00103DF8 /* AppDelegate.swift in Sources */,
			);
			runOnlyForDeploymentPostprocessing = 0;
		};
		65CB5A7E203280AB00103DF8 /* Sources */ = {
			isa = PBXSourcesBuildPhase;
			buildActionMask = 2147483647;
			files = (
				65CB5A87203280AB00103DF8 /* IndexSetWithTestsTests.swift in Sources */,
			);
			runOnlyForDeploymentPostprocessing = 0;
		};
/* End PBXSourcesBuildPhase section */

/* Begin PBXTargetDependency section */
		65CB5A84203280AB00103DF8 /* PBXTargetDependency */ = {
			isa = PBXTargetDependency;
			target = 65CB5A6D203280AA00103DF8 /* IndexSetWithTests */;
			targetProxy = 65CB5A83203280AB00103DF8 /* PBXContainerItemProxy */;
		};
/* End PBXTargetDependency section */

/* Begin PBXVariantGroup section */
		65CB5A75203280AA00103DF8 /* Main.storyboard */ = {
			isa = PBXVariantGroup;
			children = (
				65CB5A76203280AA00103DF8 /* Base */,
			);
			name = Main.storyboard;
			sourceTree = "<group>";
		};
		65CB5A7A203280AA00103DF8 /* LaunchScreen.storyboard */ = {
			isa = PBXVariantGroup;
			children = (
				65CB5A7B203280AA00103DF8 /* Base */,
			);
			name = LaunchScreen.storyboard;
			sourceTree = "<group>";
		};
/* End PBXVariantGroup section */

/* Begin XCBuildConfiguration section */
		65CB5A89203280AB00103DF8 /* Debug */ = {
			isa = XCBuildConfiguration;
			buildSettings = {
				ALWAYS_SEARCH_USER_PATHS = NO;
				CLANG_ANALYZER_NONNULL = YES;
				CLANG_ANALYZER_NUMBER_OBJECT_CONVERSION = YES_AGGRESSIVE;
				CLANG_CXX_LANGUAGE_STANDARD = "gnu++14";
				CLANG_CXX_LIBRARY = "libc++";
				CLANG_ENABLE_MODULES = YES;
				CLANG_ENABLE_OBJC_ARC = YES;
				CLANG_WARN_BLOCK_CAPTURE_AUTORELEASING = YES;
				CLANG_WARN_BOOL_CONVERSION = YES;
				CLANG_WARN_COMMA = YES;
				CLANG_WARN_CONSTANT_CONVERSION = YES;
				CLANG_WARN_DIRECT_OBJC_ISA_USAGE = YES_ERROR;
				CLANG_WARN_DOCUMENTATION_COMMENTS = YES;
				CLANG_WARN_EMPTY_BODY = YES;
				CLANG_WARN_ENUM_CONVERSION = YES;
				CLANG_WARN_INFINITE_RECURSION = YES;
				CLANG_WARN_INT_CONVERSION = YES;
				CLANG_WARN_NON_LITERAL_NULL_CONVERSION = YES;
				CLANG_WARN_OBJC_LITERAL_CONVERSION = YES;
				CLANG_WARN_OBJC_ROOT_CLASS = YES_ERROR;
				CLANG_WARN_RANGE_LOOP_ANALYSIS = YES;
				CLANG_WARN_STRICT_PROTOTYPES = YES;
				CLANG_WARN_SUSPICIOUS_MOVE = YES;
				CLANG_WARN_UNGUARDED_AVAILABILITY = YES_AGGRESSIVE;
				CLANG_WARN_UNREACHABLE_CODE = YES;
				CLANG_WARN__DUPLICATE_METHOD_MATCH = YES;
				CODE_SIGN_IDENTITY = "iPhone Developer";
				COPY_PHASE_STRIP = NO;
				DEBUG_INFORMATION_FORMAT = dwarf;
				ENABLE_STRICT_OBJC_MSGSEND = YES;
				ENABLE_TESTABILITY = YES;
				GCC_C_LANGUAGE_STANDARD = gnu11;
				GCC_DYNAMIC_NO_PIC = NO;
				GCC_NO_COMMON_BLOCKS = YES;
				GCC_OPTIMIZATION_LEVEL = 0;
				GCC_PREPROCESSOR_DEFINITIONS = (
					"DEBUG=1",
					"$(inherited)",
				);
				GCC_WARN_64_TO_32_BIT_CONVERSION = YES;
				GCC_WARN_ABOUT_RETURN_TYPE = YES_ERROR;
				GCC_WARN_UNDECLARED_SELECTOR = YES;
				GCC_WARN_UNINITIALIZED_AUTOS = YES_AGGRESSIVE;
				GCC_WARN_UNUSED_FUNCTION = YES;
				GCC_WARN_UNUSED_VARIABLE = YES;
				IPHONEOS_DEPLOYMENT_TARGET = 11.2;
				MTL_ENABLE_DEBUG_INFO = YES;
				ONLY_ACTIVE_ARCH = YES;
				SDKROOT = iphoneos;
				SWIFT_ACTIVE_COMPILATION_CONDITIONS = DEBUG;
				SWIFT_OPTIMIZATION_LEVEL = "-Onone";
			};
			name = Debug;
		};
		65CB5A8A203280AB00103DF8 /* Release */ = {
			isa = XCBuildConfiguration;
			buildSettings = {
				ALWAYS_SEARCH_USER_PATHS = NO;
				CLANG_ANALYZER_NONNULL = YES;
				CLANG_ANALYZER_NUMBER_OBJECT_CONVERSION = YES_AGGRESSIVE;
				CLANG_CXX_LANGUAGE_STANDARD = "gnu++14";
				CLANG_CXX_LIBRARY = "libc++";
				CLANG_ENABLE_MODULES = YES;
				CLANG_ENABLE_OBJC_ARC = YES;
				CLANG_WARN_BLOCK_CAPTURE_AUTORELEASING = YES;
				CLANG_WARN_BOOL_CONVERSION = YES;
				CLANG_WARN_COMMA = YES;
				CLANG_WARN_CONSTANT_CONVERSION = YES;
				CLANG_WARN_DIRECT_OBJC_ISA_USAGE = YES_ERROR;
				CLANG_WARN_DOCUMENTATION_COMMENTS = YES;
				CLANG_WARN_EMPTY_BODY = YES;
				CLANG_WARN_ENUM_CONVERSION = YES;
				CLANG_WARN_INFINITE_RECURSION = YES;
				CLANG_WARN_INT_CONVERSION = YES;
				CLANG_WARN_NON_LITERAL_NULL_CONVERSION = YES;
				CLANG_WARN_OBJC_LITERAL_CONVERSION = YES;
				CLANG_WARN_OBJC_ROOT_CLASS = YES_ERROR;
				CLANG_WARN_RANGE_LOOP_ANALYSIS = YES;
				CLANG_WARN_STRICT_PROTOTYPES = YES;
				CLANG_WARN_SUSPICIOUS_MOVE = YES;
				CLANG_WARN_UNGUARDED_AVAILABILITY = YES_AGGRESSIVE;
				CLANG_WARN_UNREACHABLE_CODE = YES;
				CLANG_WARN__DUPLICATE_METHOD_MATCH = YES;
				CODE_SIGN_IDENTITY = "iPhone Developer";
				COPY_PHASE_STRIP = NO;
				DEBUG_INFORMATION_FORMAT = "dwarf-with-dsym";
				ENABLE_NS_ASSERTIONS = NO;
				ENABLE_STRICT_OBJC_MSGSEND = YES;
				GCC_C_LANGUAGE_STANDARD = gnu11;
				GCC_NO_COMMON_BLOCKS = YES;
				GCC_WARN_64_TO_32_BIT_CONVERSION = YES;
				GCC_WARN_ABOUT_RETURN_TYPE = YES_ERROR;
				GCC_WARN_UNDECLARED_SELECTOR = YES;
				GCC_WARN_UNINITIALIZED_AUTOS = YES_AGGRESSIVE;
				GCC_WARN_UNUSED_FUNCTION = YES;
				GCC_WARN_UNUSED_VARIABLE = YES;
				IPHONEOS_DEPLOYMENT_TARGET = 11.2;
				MTL_ENABLE_DEBUG_INFO = NO;
				SDKROOT = iphoneos;
				SWIFT_OPTIMIZATION_LEVEL = "-Owholemodule";
				VALIDATE_PRODUCT = YES;
			};
			name = Release;
		};
		65CB5A8C203280AB00103DF8 /* Debug */ = {
			isa = XCBuildConfiguration;
			buildSettings = {
				ASSETCATALOG_COMPILER_APPICON_NAME = AppIcon;
				CODE_SIGN_STYLE = Automatic;
				INFOPLIST_FILE = IndexSetWithTests/Info.plist;
				LD_RUNPATH_SEARCH_PATHS = "$(inherited) @executable_path/Frameworks";
				PRODUCT_BUNDLE_IDENTIFIER = com.derekcoder.IndexSetWithTests;
				PRODUCT_NAME = "$(TARGET_NAME)";
				SWIFT_VERSION = 4.0;
				TARGETED_DEVICE_FAMILY = "1,2";
			};
			name = Debug;
		};
		65CB5A8D203280AB00103DF8 /* Release */ = {
			isa = XCBuildConfiguration;
			buildSettings = {
				ASSETCATALOG_COMPILER_APPICON_NAME = AppIcon;
				CODE_SIGN_STYLE = Automatic;
				INFOPLIST_FILE = IndexSetWithTests/Info.plist;
				LD_RUNPATH_SEARCH_PATHS = "$(inherited) @executable_path/Frameworks";
				PRODUCT_BUNDLE_IDENTIFIER = com.derekcoder.IndexSetWithTests;
				PRODUCT_NAME = "$(TARGET_NAME)";
				SWIFT_VERSION = 4.0;
				TARGETED_DEVICE_FAMILY = "1,2";
			};
			name = Release;
		};
		65CB5A8F203280AB00103DF8 /* Debug */ = {
			isa = XCBuildConfiguration;
			buildSettings = {
				ALWAYS_EMBED_SWIFT_STANDARD_LIBRARIES = YES;
				BUNDLE_LOADER = "$(TEST_HOST)";
				CODE_SIGN_STYLE = Automatic;
				INFOPLIST_FILE = IndexSetWithTestsTests/Info.plist;
				LD_RUNPATH_SEARCH_PATHS = "$(inherited) @executable_path/Frameworks @loader_path/Frameworks";
				PRODUCT_BUNDLE_IDENTIFIER = com.derekcoder.IndexSetWithTestsTests;
				PRODUCT_NAME = "$(TARGET_NAME)";
				SWIFT_VERSION = 4.0;
				TARGETED_DEVICE_FAMILY = "1,2";
				TEST_HOST = "$(BUILT_PRODUCTS_DIR)/IndexSetWithTests.app/IndexSetWithTests";
			};
			name = Debug;
		};
		65CB5A90203280AB00103DF8 /* Release */ = {
			isa = XCBuildConfiguration;
			buildSettings = {
				ALWAYS_EMBED_SWIFT_STANDARD_LIBRARIES = YES;
				BUNDLE_LOADER = "$(TEST_HOST)";
				CODE_SIGN_STYLE = Automatic;
				INFOPLIST_FILE = IndexSetWithTestsTests/Info.plist;
				LD_RUNPATH_SEARCH_PATHS = "$(inherited) @executable_path/Frameworks @loader_path/Frameworks";
				PRODUCT_BUNDLE_IDENTIFIER = com.derekcoder.IndexSetWithTestsTests;
				PRODUCT_NAME = "$(TARGET_NAME)";
				SWIFT_VERSION = 4.0;
				TARGETED_DEVICE_FAMILY = "1,2";
				TEST_HOST = "$(BUILT_PRODUCTS_DIR)/IndexSetWithTests.app/IndexSetWithTests";
			};
			name = Release;
		};
/* End XCBuildConfiguration section */

/* Begin XCConfigurationList section */
		65CB5A69203280AA00103DF8 /* Build configuration list for PBXProject "IndexSetWithTests" */ = {
			isa = XCConfigurationList;
			buildConfigurations = (
				65CB5A89203280AB00103DF8 /* Debug */,
				65CB5A8A203280AB00103DF8 /* Release */,
			);
			defaultConfigurationIsVisible = 0;
			defaultConfigurationName = Release;
		};
		65CB5A8B203280AB00103DF8 /* Build configuration list for PBXNativeTarget "IndexSetWithTests" */ = {
			isa = XCConfigurationList;
			buildConfigurations = (
				65CB5A8C203280AB00103DF8 /* Debug */,
				65CB5A8D203280AB00103DF8 /* Release */,
			);
			defaultConfigurationIsVisible = 0;
			defaultConfigurationName = Release;
		};
		65CB5A8E203280AB00103DF8 /* Build configuration list for PBXNativeTarget "IndexSetWithTestsTests" */ = {
			isa = XCConfigurationList;
			buildConfigurations = (
				65CB5A8F203280AB00103DF8 /* Debug */,
				65CB5A90203280AB00103DF8 /* Release */,
			);
			defaultConfigurationIsVisible = 0;
			defaultConfigurationName = Release;
		};
/* End XCConfigurationList section */
	};
	rootObject = 65CB5A66203280AA00103DF8 /* Project object */;
}
