// !$*UTF8*$!
{
	archiveVersion = 1;
	classes = {
	};
	objectVersion = 48;
	objects = {

/* Begin PBXBuildFile section */
		65B833141FF001AA00CAAE1B /* main.swift in Sources */ = {isa = PBXBuildFile; fileRef = 65B833131FF001AA00CAAE1B /* main.swift */; };
		65B833211FF001EA00CAAE1B /* ParseCSVTests.swift in Sources */ = {isa = PBXBuildFile; fileRef = 65B833201FF001EA00CAAE1B /* ParseCSVTests.swift */; };
		65B833271FF0022B00CAAE1B /* small.txt in Resources */ = {isa = PBXBuildFile; fileRef = 65B833261FF0022B00CAAE1B /* small.txt */; };
		65C4E3231FF003ED0004AADA /* medium.txt in Resources */ = {isa = PBXBuildFile; fileRef = 65C4E3221FF003ED0004AADA /* medium.txt */; };
		65C4E3261FF004EC0004AADA /* Parser.swift in Sources */ = {isa = PBXBuildFile; fileRef = 65C4E3251FF004EC0004AADA /* Parser.swift */; };
		65C4E3271FF0052C0004AADA /* Parser.swift in Sources */ = {isa = PBXBuildFile; fileRef = 65C4E3251FF004EC0004AADA /* Parser.swift */; };
/* End PBXBuildFile section */

/* Begin PBXCopyFilesBuildPhase section */
		65B8330E1FF001AA00CAAE1B /* CopyFiles */ = {
			isa = PBXCopyFilesBuildPhase;
			buildActionMask = 2147483647;
			dstPath = /usr/share/man/man1/;
			dstSubfolderSpec = 0;
			files = (
			);
			runOnlyForDeploymentPostprocessing = 1;
		};
/* End PBXCopyFilesBuildPhase section */

/* Begin PBXFileReference section */
		65B833101FF001AA00CAAE1B /* ParseCSV */ = {isa = PBXFileReference; explicitFileType = "compiled.mach-o.executable"; includeInIndex = 0; path = ParseCSV; sourceTree = BUILT_PRODUCTS_DIR; };
		65B833131FF001AA00CAAE1B /* main.swift */ = {isa = PBXFileReference; lastKnownFileType = sourcecode.swift; path = main.swift; sourceTree = "<group>"; };
		65B8331E1FF001EA00CAAE1B /* ParseCSVTests.xctest */ = {isa = PBXFileReference; explicitFileType = wrapper.cfbundle; includeInIndex = 0; path = ParseCSVTests.xctest; sourceTree = BUILT_PRODUCTS_DIR; };
		65B833201FF001EA00CAAE1B /* ParseCSVTests.swift */ = {isa = PBXFileReference; lastKnownFileType = sourcecode.swift; path = ParseCSVTests.swift; sourceTree = "<group>"; };
		65B833221FF001EB00CAAE1B /* Info.plist */ = {isa = PBXFileReference; lastKnownFileType = text.plist.xml; path = Info.plist; sourceTree = "<group>"; };
		65B833261FF0022B00CAAE1B /* small.txt */ = {isa = PBXFileReference; fileEncoding = 4; lastKnownFileType = text; path = small.txt; sourceTree = "<group>"; };
		65C4E3221FF003ED0004AADA /* medium.txt */ = {isa = PBXFileReference; fileEncoding = 4; lastKnownFileType = text; path = medium.txt; sourceTree = "<group>"; };
		65C4E3251FF004EC0004AADA /* Parser.swift */ = {isa = PBXFileReference; lastKnownFileType = sourcecode.swift; path = Parser.swift; sourceTree = "<group>"; };
/* End PBXFileReference section */

/* Begin PBXFrameworksBuildPhase section */
		65B8330D1FF001AA00CAAE1B /* Frameworks */ = {
			isa = PBXFrameworksBuildPhase;
			buildActionMask = 2147483647;
			files = (
			);
			runOnlyForDeploymentPostprocessing = 0;
		};
		65B8331B1FF001EA00CAAE1B /* Frameworks */ = {
			isa = PBXFrameworksBuildPhase;
			buildActionMask = 2147483647;
			files = (
			);
			runOnlyForDeploymentPostprocessing = 0;
		};
/* End PBXFrameworksBuildPhase section */

/* Begin PBXGroup section */
		65B833071FF001AA00CAAE1B = {
			isa = PBXGroup;
			children = (
				65B833121FF001AA00CAAE1B /* ParseCSV */,
				65B8331F1FF001EA00CAAE1B /* ParseCSVTests */,
				65B833111FF001AA00CAAE1B /* Products */,
			);
			sourceTree = "<group>";
		};
		65B833111FF001AA00CAAE1B /* Products */ = {
			isa = PBXGroup;
			children = (
				65B833101FF001AA00CAAE1B /* ParseCSV */,
				65B8331E1FF001EA00CAAE1B /* ParseCSVTests.xctest */,
			);
			name = Products;
			sourceTree = "<group>";
		};
		65B833121FF001AA00CAAE1B /* ParseCSV */ = {
			isa = PBXGroup;
			children = (
				65B833131FF001AA00CAAE1B /* main.swift */,
				65C4E3221FF003ED0004AADA /* medium.txt */,
				65C4E3251FF004EC0004AADA /* Parser.swift */,
			);
			path = ParseCSV;
			sourceTree = "<group>";
		};
		65B8331F1FF001EA00CAAE1B /* ParseCSVTests */ = {
			isa = PBXGroup;
			children = (
				65B833261FF0022B00CAAE1B /* small.txt */,
				65B833201FF001EA00CAAE1B /* ParseCSVTests.swift */,
				65B833221FF001EB00CAAE1B /* Info.plist */,
			);
			path = ParseCSVTests;
			sourceTree = "<group>";
		};
/* End PBXGroup section */

/* Begin PBXNativeTarget section */
		65B8330F1FF001AA00CAAE1B /* ParseCSV */ = {
			isa = PBXNativeTarget;
			buildConfigurationList = 65B833171FF001AA00CAAE1B /* Build configuration list for PBXNativeTarget "ParseCSV" */;
			buildPhases = (
				65B8330C1FF001AA00CAAE1B /* Sources */,
				65B8330D1FF001AA00CAAE1B /* Frameworks */,
				65B8330E1FF001AA00CAAE1B /* CopyFiles */,
			);
			buildRules = (
			);
			dependencies = (
			);
			name = ParseCSV;
			productName = ParseCSV;
			productReference = 65B833101FF001AA00CAAE1B /* ParseCSV */;
			productType = "com.apple.product-type.tool";
		};
		65B8331D1FF001EA00CAAE1B /* ParseCSVTests */ = {
			isa = PBXNativeTarget;
			buildConfigurationList = 65B833231FF001EB00CAAE1B /* Build configuration list for PBXNativeTarget "ParseCSVTests" */;
			buildPhases = (
				65B8331A1FF001EA00CAAE1B /* Sources */,
				65B8331B1FF001EA00CAAE1B /* Frameworks */,
				65B8331C1FF001EA00CAAE1B /* Resources */,
			);
			buildRules = (
			);
			dependencies = (
			);
			name = ParseCSVTests;
			productName = ParseCSVTests;
			productReference = 65B8331E1FF001EA00CAAE1B /* ParseCSVTests.xctest */;
			productType = "com.apple.product-type.bundle.unit-test";
		};
/* End PBXNativeTarget section */

/* Begin PBXProject section */
		65B833081FF001AA00CAAE1B /* Project object */ = {
			isa = PBXProject;
			attributes = {
				LastSwiftUpdateCheck = 0920;
				LastUpgradeCheck = 0920;
				ORGANIZATIONNAME = "ZHOU DENGFENG DEREK";
				TargetAttributes = {
					65B8330F1FF001AA00CAAE1B = {
						CreatedOnToolsVersion = 9.2;
						ProvisioningStyle = Automatic;
					};
					65B8331D1FF001EA00CAAE1B = {
						CreatedOnToolsVersion = 9.2;
						ProvisioningStyle = Automatic;
					};
				};
			};
			buildConfigurationList = 65B8330B1FF001AA00CAAE1B /* Build configuration list for PBXProject "ParseCSV" */;
			compatibilityVersion = "Xcode 8.0";
			developmentRegion = en;
			hasScannedForEncodings = 0;
			knownRegions = (
				en,
			);
			mainGroup = 65B833071FF001AA00CAAE1B;
			productRefGroup = 65B833111FF001AA00CAAE1B /* Products */;
			projectDirPath = "";
			projectRoot = "";
			targets = (
				65B8330F1FF001AA00CAAE1B /* ParseCSV */,
				65B8331D1FF001EA00CAAE1B /* ParseCSVTests */,
			);
		};
/* End PBXProject section */

/* Begin PBXResourcesBuildPhase section */
		65B8331C1FF001EA00CAAE1B /* Resources */ = {
			isa = PBXResourcesBuildPhase;
			buildActionMask = 2147483647;
			files = (
				65B833271FF0022B00CAAE1B /* small.txt in Resources */,
				65C4E3231FF003ED0004AADA /* medium.txt in Resources */,
			);
			runOnlyForDeploymentPostprocessing = 0;
		};
/* End PBXResourcesBuildPhase section */

/* Begin PBXSourcesBuildPhase section */
		65B8330C1FF001AA00CAAE1B /* Sources */ = {
			isa = PBXSourcesBuildPhase;
			buildActionMask = 2147483647;
			files = (
				65C4E3261FF004EC0004AADA /* Parser.swift in Sources */,
				65B833141FF001AA00CAAE1B /* main.swift in Sources */,
			);
			runOnlyForDeploymentPostprocessing = 0;
		};
		65B8331A1FF001EA00CAAE1B /* Sources */ = {
			isa = PBXSourcesBuildPhase;
			buildActionMask = 2147483647;
			files = (
				65C4E3271FF0052C0004AADA /* Parser.swift in Sources */,
				65B833211FF001EA00CAAE1B /* ParseCSVTests.swift in Sources */,
			);
			runOnlyForDeploymentPostprocessing = 0;
		};
/* End PBXSourcesBuildPhase section */

/* Begin XCBuildConfiguration section */
		65B833151FF001AA00CAAE1B /* Debug */ = {
			isa = XCBuildConfiguration;
			buildSettings = {
				ALWAYS_SEARCH_USER_PATHS = NO;
				CLANG_ANALYZER_NONNULL = YES;
				CLANG_ANALYZER_NUMBER_OBJECT_CONVERSION = YES_AGGRESSIVE;
				CLANG_CXX_LANGUAGE_STANDARD = "gnu++14";
				CLANG_CXX_LIBRARY = "libc++";
				CLANG_ENABLE_MODULES = YES;
				CLANG_ENABLE_OBJC_ARC = YES;
				CLANG_WARN_BLOCK_CAPTURE_AUTORELEASING = YES;
				CLANG_WARN_BOOL_CONVERSION = YES;
				CLANG_WARN_COMMA = YES;
				CLANG_WARN_CONSTANT_CONVERSION = YES;
				CLANG_WARN_DIRECT_OBJC_ISA_USAGE = YES_ERROR;
				CLANG_WARN_DOCUMENTATION_COMMENTS = YES;
				CLANG_WARN_EMPTY_BODY = YES;
				CLANG_WARN_ENUM_CONVERSION = YES;
				CLANG_WARN_INFINITE_RECURSION = YES;
				CLANG_WARN_INT_CONVERSION = YES;
				CLANG_WARN_NON_LITERAL_NULL_CONVERSION = YES;
				CLANG_WARN_OBJC_LITERAL_CONVERSION = YES;
				CLANG_WARN_OBJC_ROOT_CLASS = YES_ERROR;
				CLANG_WARN_RANGE_LOOP_ANALYSIS = YES;
				CLANG_WARN_STRICT_PROTOTYPES = YES;
				CLANG_WARN_SUSPICIOUS_MOVE = YES;
				CLANG_WARN_UNGUARDED_AVAILABILITY = YES_AGGRESSIVE;
				CLANG_WARN_UNREACHABLE_CODE = YES;
				CLANG_WARN__DUPLICATE_METHOD_MATCH = YES;
				CODE_SIGN_IDENTITY = "Mac Developer";
				COPY_PHASE_STRIP = NO;
				DEBUG_INFORMATION_FORMAT = dwarf;
				ENABLE_STRICT_OBJC_MSGSEND = YES;
				ENABLE_TESTABILITY = YES;
				GCC_C_LANGUAGE_STANDARD = gnu11;
				GCC_DYNAMIC_NO_PIC = NO;
				GCC_NO_COMMON_BLOCKS = YES;
				GCC_OPTIMIZATION_LEVEL = 0;
				GCC_PREPROCESSOR_DEFINITIONS = (
					"DEBUG=1",
					"$(inherited)",
				);
				GCC_WARN_64_TO_32_BIT_CONVERSION = YES;
				GCC_WARN_ABOUT_RETURN_TYPE = YES_ERROR;
				GCC_WARN_UNDECLARED_SELECTOR = YES;
				GCC_WARN_UNINITIALIZED_AUTOS = YES_AGGRESSIVE;
				GCC_WARN_UNUSED_FUNCTION = YES;
				GCC_WARN_UNUSED_VARIABLE = YES;
				MACOSX_DEPLOYMENT_TARGET = 10.13;
				MTL_ENABLE_DEBUG_INFO = YES;
				ONLY_ACTIVE_ARCH = YES;
				SDKROOT = macosx;
				SWIFT_ACTIVE_COMPILATION_CONDITIONS = DEBUG;
				SWIFT_OPTIMIZATION_LEVEL = "-Onone";
			};
			name = Debug;
		};
		65B833161FF001AA00CAAE1B /* Release */ = {
			isa = XCBuildConfiguration;
			buildSettings = {
				ALWAYS_SEARCH_USER_PATHS = NO;
				CLANG_ANALYZER_NONNULL = YES;
				CLANG_ANALYZER_NUMBER_OBJECT_CONVERSION = YES_AGGRESSIVE;
				CLANG_CXX_LANGUAGE_STANDARD = "gnu++14";
				CLANG_CXX_LIBRARY = "libc++";
				CLANG_ENABLE_MODULES = YES;
				CLANG_ENABLE_OBJC_ARC = YES;
				CLANG_WARN_BLOCK_CAPTURE_AUTORELEASING = YES;
				CLANG_WARN_BOOL_CONVERSION = YES;
				CLANG_WARN_COMMA = YES;
				CLANG_WARN_CONSTANT_CONVERSION = YES;
				CLANG_WARN_DIRECT_OBJC_ISA_USAGE = YES_ERROR;
				CLANG_WARN_DOCUMENTATION_COMMENTS = YES;
				CLANG_WARN_EMPTY_BODY = YES;
				CLANG_WARN_ENUM_CONVERSION = YES;
				CLANG_WARN_INFINITE_RECURSION = YES;
				CLANG_WARN_INT_CONVERSION = YES;
				CLANG_WARN_NON_LITERAL_NULL_CONVERSION = YES;
				CLANG_WARN_OBJC_LITERAL_CONVERSION = YES;
				CLANG_WARN_OBJC_ROOT_CLASS = YES_ERROR;
				CLANG_WARN_RANGE_LOOP_ANALYSIS = YES;
				CLANG_WARN_STRICT_PROTOTYPES = YES;
				CLANG_WARN_SUSPICIOUS_MOVE = YES;
				CLANG_WARN_UNGUARDED_AVAILABILITY = YES_AGGRESSIVE;
				CLANG_WARN_UNREACHABLE_CODE = YES;
				CLANG_WARN__DUPLICATE_METHOD_MATCH = YES;
				CODE_SIGN_IDENTITY = "Mac Developer";
				COPY_PHASE_STRIP = NO;
				DEBUG_INFORMATION_FORMAT = "dwarf-with-dsym";
				ENABLE_NS_ASSERTIONS = NO;
				ENABLE_STRICT_OBJC_MSGSEND = YES;
				GCC_C_LANGUAGE_STANDARD = gnu11;
				GCC_NO_COMMON_BLOCKS = YES;
				GCC_WARN_64_TO_32_BIT_CONVERSION = YES;
				GCC_WARN_ABOUT_RETURN_TYPE = YES_ERROR;
				GCC_WARN_UNDECLARED_SELECTOR = YES;
				GCC_WARN_UNINITIALIZED_AUTOS = YES_AGGRESSIVE;
				GCC_WARN_UNUSED_FUNCTION = YES;
				GCC_WARN_UNUSED_VARIABLE = YES;
				MACOSX_DEPLOYMENT_TARGET = 10.13;
				MTL_ENABLE_DEBUG_INFO = NO;
				SDKROOT = macosx;
				SWIFT_OPTIMIZATION_LEVEL = "-Owholemodule";
			};
			name = Release;
		};
		65B833181FF001AA00CAAE1B /* Debug */ = {
			isa = XCBuildConfiguration;
			buildSettings = {
				CODE_SIGN_STYLE = Automatic;
				DEVELOPMENT_TEAM = 73DV6R4Q82;
				PRODUCT_NAME = "$(TARGET_NAME)";
				SWIFT_VERSION = 4.0;
			};
			name = Debug;
		};
		65B833191FF001AA00CAAE1B /* Release */ = {
			isa = XCBuildConfiguration;
			buildSettings = {
				CODE_SIGN_STYLE = Automatic;
				DEVELOPMENT_TEAM = 73DV6R4Q82;
				PRODUCT_NAME = "$(TARGET_NAME)";
				SWIFT_VERSION = 4.0;
			};
			name = Release;
		};
		65B833241FF001EB00CAAE1B /* Debug */ = {
			isa = XCBuildConfiguration;
			buildSettings = {
				CODE_SIGN_STYLE = Automatic;
				COMBINE_HIDPI_IMAGES = YES;
				DEVELOPMENT_TEAM = 73DV6R4Q82;
				INFOPLIST_FILE = ParseCSVTests/Info.plist;
				LD_RUNPATH_SEARCH_PATHS = "$(inherited) @executable_path/../Frameworks @loader_path/../Frameworks";
				PRODUCT_BUNDLE_IDENTIFIER = com.derekcoder.ParseCSVTests;
				PRODUCT_NAME = "$(TARGET_NAME)";
				SWIFT_VERSION = 4.0;
			};
			name = Debug;
		};
		65B833251FF001EB00CAAE1B /* Release */ = {
			isa = XCBuildConfiguration;
			buildSettings = {
				CODE_SIGN_STYLE = Automatic;
				COMBINE_HIDPI_IMAGES = YES;
				DEVELOPMENT_TEAM = 73DV6R4Q82;
				INFOPLIST_FILE = ParseCSVTests/Info.plist;
				LD_RUNPATH_SEARCH_PATHS = "$(inherited) @executable_path/../Frameworks @loader_path/../Frameworks";
				PRODUCT_BUNDLE_IDENTIFIER = com.derekcoder.ParseCSVTests;
				PRODUCT_NAME = "$(TARGET_NAME)";
				SWIFT_VERSION = 4.0;
			};
			name = Release;
		};
/* End XCBuildConfiguration section */

/* Begin XCConfigurationList section */
		65B8330B1FF001AA00CAAE1B /* Build configuration list for PBXProject "ParseCSV" */ = {
			isa = XCConfigurationList;
			buildConfigurations = (
				65B833151FF001AA00CAAE1B /* Debug */,
				65B833161FF001AA00CAAE1B /* Release */,
			);
			defaultConfigurationIsVisible = 0;
			defaultConfigurationName = Release;
		};
		65B833171FF001AA00CAAE1B /* Build configuration list for PBXNativeTarget "ParseCSV" */ = {
			isa = XCConfigurationList;
			buildConfigurations = (
				65B833181FF001AA00CAAE1B /* Debug */,
				65B833191FF001AA00CAAE1B /* Release */,
			);
			defaultConfigurationIsVisible = 0;
			defaultConfigurationName = Release;
		};
		65B833231FF001EB00CAAE1B /* Build configuration list for PBXNativeTarget "ParseCSVTests" */ = {
			isa = XCConfigurationList;
			buildConfigurations = (
				65B833241FF001EB00CAAE1B /* Debug */,
				65B833251FF001EB00CAAE1B /* Release */,
			);
			defaultConfigurationIsVisible = 0;
			defaultConfigurationName = Release;
		};
/* End XCConfigurationList section */
	};
	rootObject = 65B833081FF001AA00CAAE1B /* Project object */;
}
